# This file is automatically @generated by Cargo.
# It is not intended for manual editing.
version = 3

[[package]]
name = "anyhow"
version = "1.0.75"
source = "registry+https://github.com/rust-lang/crates.io-index"
checksum = "a4668cab20f66d8d020e1fbc0ebe47217433c1b6c8f2040faf858554e394ace6"

[[package]]
name = "cui"
version = "0.1.0"
dependencies = [
 "pgen",
]

[[package]]
name = "examples"
version = "0.1.0"
dependencies = [
 "anyhow",
 "pgen",
 "thiserror",
]

[[package]]
name = "gui"
version = "0.1.0"
dependencies = [
 "pgen",
]

[[package]]
name = "log"
version = "0.4.20"
source = "registry+https://github.com/rust-lang/crates.io-index"
checksum = "b5e6163cb8c49088c2c36f57875e58ccd8c87c7427f7fbd50ea6710b2f3f2e8f"

[[package]]
name = "pgen"
version = "0.1.0"
dependencies = [
 "pgen_driver",
 "pgen_ipgen",
]

[[package]]
name = "pgen_driver"
version = "0.1.0"
dependencies = [
 "anyhow",
 "pgen_hwgen",
 "pgen_ipgen",
 "thiserror",
 "vfs",
]

[[package]]
name = "pgen_hwgen"
version = "0.1.0"

[[package]]
name = "pgen_ipgen"
version = "0.1.0"
dependencies = [
 "anyhow",
 "serde",
 "serde-xml-rs",
 "thiserror",
 "vfs",
]

[[package]]
name = "proc-macro2"
version = "1.0.66"
source = "registry+https://github.com/rust-lang/crates.io-index"
checksum = "18fb31db3f9bddb2ea821cde30a9f70117e3f119938b5ee630b7403aa6e2ead9"
dependencies = [
 "unicode-ident",
]

[[package]]
name = "quote"
version = "1.0.33"
source = "registry+https://github.com/rust-lang/crates.io-index"
checksum = "5267fca4496028628a95160fc423a33e8b2e6af8a5302579e322e4b520293cae"
dependencies = [
 "proc-macro2",
]

[[package]]
name = "serde"
version = "1.0.186"
source = "registry+https://github.com/rust-lang/crates.io-index"
checksum = "9f5db24220c009de9bd45e69fb2938f4b6d2df856aa9304ce377b3180f83b7c1"
dependencies = [
 "serde_derive",
]

[[package]]
name = "serde-xml-rs"
version = "0.6.0"
source = "registry+https://github.com/rust-lang/crates.io-index"
checksum = "fb3aa78ecda1ebc9ec9847d5d3aba7d618823446a049ba2491940506da6e2782"
dependencies = [
 "log",
 "serde",
 "thiserror",
 "xml-rs",
]

[[package]]
name = "serde_derive"
version = "1.0.186"
source = "registry+https://github.com/rust-lang/crates.io-index"
checksum = "5ad697f7e0b65af4983a4ce8f56ed5b357e8d3c36651bf6a7e13639c17b8e670"
dependencies = [
 "proc-macro2",
 "quote",
 "syn",
]

[[package]]
name = "syn"
version = "2.0.29"
source = "registry+https://github.com/rust-lang/crates.io-index"
checksum = "c324c494eba9d92503e6f1ef2e6df781e78f6a7705a0202d9801b198807d518a"
dependencies = [
 "proc-macro2",
 "quote",
 "unicode-ident",
]

[[package]]
name = "thiserror"
version = "1.0.47"
source = "registry+https://github.com/rust-lang/crates.io-index"
checksum = "97a802ec30afc17eee47b2855fc72e0c4cd62be9b4efe6591edde0ec5bd68d8f"
dependencies = [
 "thiserror-impl",
]

[[package]]
name = "thiserror-impl"
version = "1.0.47"
source = "registry+https://github.com/rust-lang/crates.io-index"
checksum = "6bb623b56e39ab7dcd4b1b98bb6c8f8d907ed255b18de254088016b27a8ee19b"
dependencies = [
 "proc-macro2",
 "quote",
 "syn",
]

[[package]]
name = "unicode-ident"
version = "1.0.11"
source = "registry+https://github.com/rust-lang/crates.io-index"
checksum = "301abaae475aa91687eb82514b328ab47a211a533026cb25fc3e519b86adfc3c"

[[package]]
name = "vfs"
version = "0.9.0"
source = "registry+https://github.com/rust-lang/crates.io-index"
checksum = "ded573c92d7b32013bdab82676be59f56106895e837504568f32804980ec7868"

[[package]]
name = "xml-rs"
version = "0.8.16"
source = "registry+https://github.com/rust-lang/crates.io-index"
checksum = "47430998a7b5d499ccee752b41567bc3afc57e1327dc855b1a2aa44ce29b5fa1"
