# This file is automatically @generated by Cargo.
# It is not intended for manual editing.
version = 3

[[package]]
name = "cui"
version = "0.1.0"
dependencies = [
 "pgen",
]

[[package]]
name = "gui"
version = "0.1.0"
dependencies = [
 "pgen",
]

[[package]]
name = "pgen"
version = "0.1.0"
dependencies = [
 "pgen_driver",
]

[[package]]
name = "pgen_driver"
version = "0.1.0"
